// !$*UTF8*$!
{
	archiveVersion = 1;
	classes = {
	};
	objectVersion = 50;
	objects = {

/* Begin PBXBuildFile section */
		91BEDEAD24F4717C00E4351F /* MemberDetailView.swift in Sources */ = {isa = PBXBuildFile; fileRef = 91BEDEAC24F4717C00E4351F /* MemberDetailView.swift */; };
		91BEDEAF24F47D8300E4351F /* Member.swift in Sources */ = {isa = PBXBuildFile; fileRef = 91BEDEAE24F47D8300E4351F /* Member.swift */; };
		91BEDEB124F47D9700E4351F /* Instrument.swift in Sources */ = {isa = PBXBuildFile; fileRef = 91BEDEB024F47D9700E4351F /* Instrument.swift */; };
		91C42CFE24F449A70073F8B2 /* ListDetailApp.swift in Sources */ = {isa = PBXBuildFile; fileRef = 91C42CFD24F449A70073F8B2 /* ListDetailApp.swift */; };
		91C42D0024F449A70073F8B2 /* ContentView.swift in Sources */ = {isa = PBXBuildFile; fileRef = 91C42CFF24F449A70073F8B2 /* ContentView.swift */; };
		91C42D0224F449A80073F8B2 /* Assets.xcassets in Resources */ = {isa = PBXBuildFile; fileRef = 91C42D0124F449A80073F8B2 /* Assets.xcassets */; };
		91C42D0524F449A80073F8B2 /* Preview Assets.xcassets in Resources */ = {isa = PBXBuildFile; fileRef = 91C42D0424F449A80073F8B2 /* Preview Assets.xcassets */; };
/* End PBXBuildFile section */

/* Begin PBXFileReference section */
		91BEDEAC24F4717C00E4351F /* MemberDetailView.swift */ = {isa = PBXFileReference; lastKnownFileType = sourcecode.swift; path = MemberDetailView.swift; sourceTree = "<group>"; };
		91BEDEAE24F47D8300E4351F /* Member.swift */ = {isa = PBXFileReference; lastKnownFileType = sourcecode.swift; path = Member.swift; sourceTree = "<group>"; };
		91BEDEB024F47D9700E4351F /* Instrument.swift */ = {isa = PBXFileReference; lastKnownFileType = sourcecode.swift; path = Instrument.swift; sourceTree = "<group>"; };
		91C42CFA24F449A70073F8B2 /* ListDetail.app */ = {isa = PBXFileReference; explicitFileType = wrapper.application; includeInIndex = 0; path = ListDetail.app; sourceTree = BUILT_PRODUCTS_DIR; };
		91C42CFD24F449A70073F8B2 /* ListDetailApp.swift */ = {isa = PBXFileReference; lastKnownFileType = sourcecode.swift; path = ListDetailApp.swift; sourceTree = "<group>"; };
		91C42CFF24F449A70073F8B2 /* ContentView.swift */ = {isa = PBXFileReference; lastKnownFileType = sourcecode.swift; path = ContentView.swift; sourceTree = "<group>"; };
		91C42D0124F449A80073F8B2 /* Assets.xcassets */ = {isa = PBXFileReference; lastKnownFileType = folder.assetcatalog; path = Assets.xcassets; sourceTree = "<group>"; };
		91C42D0424F449A80073F8B2 /* Preview Assets.xcassets */ = {isa = PBXFileReference; lastKnownFileType = folder.assetcatalog; path = "Preview Assets.xcassets"; sourceTree = "<group>"; };
		91C42D0624F449A80073F8B2 /* Info.plist */ = {isa = PBXFileReference; lastKnownFileType = text.plist.xml; path = Info.plist; sourceTree = "<group>"; };
/* End PBXFileReference section */

/* Begin PBXFrameworksBuildPhase section */
		91C42CF724F449A70073F8B2 /* Frameworks */ = {
			isa = PBXFrameworksBuildPhase;
			buildActionMask = 2147483647;
			files = (
			);
			runOnlyForDeploymentPostprocessing = 0;
		};
/* End PBXFrameworksBuildPhase section */

/* Begin PBXGroup section */
		91B2EF7424F47FB0009A3641 /* LifeCycle */ = {
			isa = PBXGroup;
			children = (
				91C42CFD24F449A70073F8B2 /* ListDetailApp.swift */,
			);
			path = LifeCycle;
			sourceTree = "<group>";
		};
		91B2EF7524F47FBB009A3641 /* Views */ = {
			isa = PBXGroup;
			children = (
				91C42CFF24F449A70073F8B2 /* ContentView.swift */,
				91BEDEAC24F4717C00E4351F /* MemberDetailView.swift */,
			);
			path = Views;
			sourceTree = "<group>";
		};
		91B2EF7624F47FC1009A3641 /* Models */ = {
			isa = PBXGroup;
			children = (
				91BEDEB024F47D9700E4351F /* Instrument.swift */,
				91BEDEAE24F47D8300E4351F /* Member.swift */,
			);
			path = Models;
			sourceTree = "<group>";
		};
		91C42CF124F449A70073F8B2 = {
			isa = PBXGroup;
			children = (
				91C42CFC24F449A70073F8B2 /* ListDetail */,
				91C42CFB24F449A70073F8B2 /* Products */,
			);
			sourceTree = "<group>";
		};
		91C42CFB24F449A70073F8B2 /* Products */ = {
			isa = PBXGroup;
			children = (
				91C42CFA24F449A70073F8B2 /* ListDetail.app */,
			);
			name = Products;
			sourceTree = "<group>";
		};
		91C42CFC24F449A70073F8B2 /* ListDetail */ = {
			isa = PBXGroup;
			children = (
				91C42D0624F449A80073F8B2 /* Info.plist */,
				91C42D0124F449A80073F8B2 /* Assets.xcassets */,
				91B2EF7424F47FB0009A3641 /* LifeCycle */,
				91B2EF7624F47FC1009A3641 /* Models */,
				91C42D0324F449A80073F8B2 /* Preview Content */,
				91B2EF7524F47FBB009A3641 /* Views */,
			);
			path = ListDetail;
			sourceTree = "<group>";
		};
		91C42D0324F449A80073F8B2 /* Preview Content */ = {
			isa = PBXGroup;
			children = (
				91C42D0424F449A80073F8B2 /* Preview Assets.xcassets */,
			);
			path = "Preview Content";
			sourceTree = "<group>";
		};
/* End PBXGroup section */

/* Begin PBXNativeTarget section */
		91C42CF924F449A70073F8B2 /* ListDetail */ = {
			isa = PBXNativeTarget;
			buildConfigurationList = 91C42D0924F449A80073F8B2 /* Build configuration list for PBXNativeTarget "ListDetail" */;
			buildPhases = (
				91C42CF624F449A70073F8B2 /* Sources */,
				91C42CF724F449A70073F8B2 /* Frameworks */,
				91C42CF824F449A70073F8B2 /* Resources */,
			);
			buildRules = (
			);
			dependencies = (
			);
			name = ListDetail;
			productName = ListDetail;
			productReference = 91C42CFA24F449A70073F8B2 /* ListDetail.app */;
			productType = "com.apple.product-type.application";
		};
/* End PBXNativeTarget section */

/* Begin PBXProject section */
		91C42CF224F449A70073F8B2 /* Project object */ = {
			isa = PBXProject;
			attributes = {
				LastSwiftUpdateCheck = 1200;
				LastUpgradeCheck = 1200;
				TargetAttributes = {
					91C42CF924F449A70073F8B2 = {
						CreatedOnToolsVersion = 12.0;
					};
				};
			};
			buildConfigurationList = 91C42CF524F449A70073F8B2 /* Build configuration list for PBXProject "ListDetail" */;
			compatibilityVersion = "Xcode 9.3";
			developmentRegion = en;
			hasScannedForEncodings = 0;
			knownRegions = (
				en,
				Base,
			);
			mainGroup = 91C42CF124F449A70073F8B2;
			productRefGroup = 91C42CFB24F449A70073F8B2 /* Products */;
			projectDirPath = "";
			projectRoot = "";
			targets = (
				91C42CF924F449A70073F8B2 /* ListDetail */,
			);
		};
/* End PBXProject section */

/* Begin PBXResourcesBuildPhase section */
		91C42CF824F449A70073F8B2 /* Resources */ = {
			isa = PBXResourcesBuildPhase;
			buildActionMask = 2147483647;
			files = (
				91C42D0524F449A80073F8B2 /* Preview Assets.xcassets in Resources */,
				91C42D0224F449A80073F8B2 /* Assets.xcassets in Resources */,
			);
			runOnlyForDeploymentPostprocessing = 0;
		};
/* End PBXResourcesBuildPhase section */

/* Begin PBXSourcesBuildPhase section */
		91C42CF624F449A70073F8B2 /* Sources */ = {
			isa = PBXSourcesBuildPhase;
			buildActionMask = 2147483647;
			files = (
				91BEDEB124F47D9700E4351F /* Instrument.swift in Sources */,
				91BEDEAD24F4717C00E4351F /* MemberDetailView.swift in Sources */,
				91C42D0024F449A70073F8B2 /* ContentView.swift in Sources */,
				91C42CFE24F449A70073F8B2 /* ListDetailApp.swift in Sources */,
				91BEDEAF24F47D8300E4351F /* Member.swift in Sources */,
			);
			runOnlyForDeploymentPostprocessing = 0;
		};
/* End PBXSourcesBuildPhase section */

/* Begin XCBuildConfiguration section */
		91C42D0724F449A80073F8B2 /* Debug */ = {
			isa = XCBuildConfiguration;
			buildSettings = {
				ALWAYS_SEARCH_USER_PATHS = NO;
				CLANG_ANALYZER_NONNULL = YES;
				CLANG_ANALYZER_NUMBER_OBJECT_CONVERSION = YES_AGGRESSIVE;
				CLANG_CXX_LANGUAGE_STANDARD = "gnu++14";
				CLANG_CXX_LIBRARY = "libc++";
				CLANG_ENABLE_MODULES = YES;
				CLANG_ENABLE_OBJC_ARC = YES;
				CLANG_ENABLE_OBJC_WEAK = YES;
				CLANG_WARN_BLOCK_CAPTURE_AUTORELEASING = YES;
				CLANG_WARN_BOOL_CONVERSION = YES;
				CLANG_WARN_COMMA = YES;
				CLANG_WARN_CONSTANT_CONVERSION = YES;
				CLANG_WARN_DEPRECATED_OBJC_IMPLEMENTATIONS = YES;
				CLANG_WARN_DIRECT_OBJC_ISA_USAGE = YES_ERROR;
				CLANG_WARN_DOCUMENTATION_COMMENTS = YES;
				CLANG_WARN_EMPTY_BODY = YES;
				CLANG_WARN_ENUM_CONVERSION = YES;
				CLANG_WARN_INFINITE_RECURSION = YES;
				CLANG_WARN_INT_CONVERSION = YES;
				CLANG_WARN_NON_LITERAL_NULL_CONVERSION = YES;
				CLANG_WARN_OBJC_IMPLICIT_RETAIN_SELF = YES;
				CLANG_WARN_OBJC_LITERAL_CONVERSION = YES;
				CLANG_WARN_OBJC_ROOT_CLASS = YES_ERROR;
				CLANG_WARN_QUOTED_INCLUDE_IN_FRAMEWORK_HEADER = YES;
				CLANG_WARN_RANGE_LOOP_ANALYSIS = YES;
				CLANG_WARN_STRICT_PROTOTYPES = YES;
				CLANG_WARN_SUSPICIOUS_MOVE = YES;
				CLANG_WARN_UNGUARDED_AVAILABILITY = YES_AGGRESSIVE;
				CLANG_WARN_UNREACHABLE_CODE = YES;
				CLANG_WARN__DUPLICATE_METHOD_MATCH = YES;
				COPY_PHASE_STRIP = NO;
				DEBUG_INFORMATION_FORMAT = dwarf;
				ENABLE_STRICT_OBJC_MSGSEND = YES;
				ENABLE_TESTABILITY = YES;
				GCC_C_LANGUAGE_STANDARD = gnu11;
				GCC_DYNAMIC_NO_PIC = NO;
				GCC_NO_COMMON_BLOCKS = YES;
				GCC_OPTIMIZATION_LEVEL = 0;
				GCC_PREPROCESSOR_DEFINITIONS = (
					"DEBUG=1",
					"$(inherited)",
				);
				GCC_WARN_64_TO_32_BIT_CONVERSION = YES;
				GCC_WARN_ABOUT_RETURN_TYPE = YES_ERROR;
				GCC_WARN_UNDECLARED_SELECTOR = YES;
				GCC_WARN_UNINITIALIZED_AUTOS = YES_AGGRESSIVE;
				GCC_WARN_UNUSED_FUNCTION = YES;
				GCC_WARN_UNUSED_VARIABLE = YES;
				IPHONEOS_DEPLOYMENT_TARGET = 14.0;
				MTL_ENABLE_DEBUG_INFO = INCLUDE_SOURCE;
				MTL_FAST_MATH = YES;
				ONLY_ACTIVE_ARCH = YES;
				SDKROOT = iphoneos;
				SWIFT_ACTIVE_COMPILATION_CONDITIONS = DEBUG;
				SWIFT_OPTIMIZATION_LEVEL = "-Onone";
			};
			name = Debug;
		};
		91C42D0824F449A80073F8B2 /* Release */ = {
			isa = XCBuildConfiguration;
			buildSettings = {
				ALWAYS_SEARCH_USER_PATHS = NO;
				CLANG_ANALYZER_NONNULL = YES;
				CLANG_ANALYZER_NUMBER_OBJECT_CONVERSION = YES_AGGRESSIVE;
				CLANG_CXX_LANGUAGE_STANDARD = "gnu++14";
				CLANG_CXX_LIBRARY = "libc++";
				CLANG_ENABLE_MODULES = YES;
				CLANG_ENABLE_OBJC_ARC = YES;
				CLANG_ENABLE_OBJC_WEAK = YES;
				CLANG_WARN_BLOCK_CAPTURE_AUTORELEASING = YES;
				CLANG_WARN_BOOL_CONVERSION = YES;
				CLANG_WARN_COMMA = YES;
				CLANG_WARN_CONSTANT_CONVERSION = YES;
				CLANG_WARN_DEPRECATED_OBJC_IMPLEMENTATIONS = YES;
				CLANG_WARN_DIRECT_OBJC_ISA_USAGE = YES_ERROR;
				CLANG_WARN_DOCUMENTATION_COMMENTS = YES;
				CLANG_WARN_EMPTY_BODY = YES;
				CLANG_WARN_ENUM_CONVERSION = YES;
				CLANG_WARN_INFINITE_RECURSION = YES;
				CLANG_WARN_INT_CONVERSION = YES;
				CLANG_WARN_NON_LITERAL_NULL_CONVERSION = YES;
				CLANG_WARN_OBJC_IMPLICIT_RETAIN_SELF = YES;
				CLANG_WARN_OBJC_LITERAL_CONVERSION = YES;
				CLANG_WARN_OBJC_ROOT_CLASS = YES_ERROR;
				CLANG_WARN_QUOTED_INCLUDE_IN_FRAMEWORK_HEADER = YES;
				CLANG_WARN_RANGE_LOOP_ANALYSIS = YES;
				CLANG_WARN_STRICT_PROTOTYPES = YES;
				CLANG_WARN_SUSPICIOUS_MOVE = YES;
				CLANG_WARN_UNGUARDED_AVAILABILITY = YES_AGGRESSIVE;
				CLANG_WARN_UNREACHABLE_CODE = YES;
				CLANG_WARN__DUPLICATE_METHOD_MATCH = YES;
				COPY_PHASE_STRIP = NO;
				DEBUG_INFORMATION_FORMAT = "dwarf-with-dsym";
				ENABLE_NS_ASSERTIONS = NO;
				ENABLE_STRICT_OBJC_MSGSEND = YES;
				GCC_C_LANGUAGE_STANDARD = gnu11;
				GCC_NO_COMMON_BLOCKS = YES;
				GCC_WARN_64_TO_32_BIT_CONVERSION = YES;
				GCC_WARN_ABOUT_RETURN_TYPE = YES_ERROR;
				GCC_WARN_UNDECLARED_SELECTOR = YES;
				GCC_WARN_UNINITIALIZED_AUTOS = YES_AGGRESSIVE;
				GCC_WARN_UNUSED_FUNCTION = YES;
				GCC_WARN_UNUSED_VARIABLE = YES;
				IPHONEOS_DEPLOYMENT_TARGET = 14.0;
				MTL_ENABLE_DEBUG_INFO = NO;
				MTL_FAST_MATH = YES;
				SDKROOT = iphoneos;
				SWIFT_COMPILATION_MODE = wholemodule;
				SWIFT_OPTIMIZATION_LEVEL = "-O";
				VALIDATE_PRODUCT = YES;
			};
			name = Release;
		};
		91C42D0A24F449A80073F8B2 /* Debug */ = {
			isa = XCBuildConfiguration;
			buildSettings = {
				ASSETCATALOG_COMPILER_APPICON_NAME = AppIcon;
				ASSETCATALOG_COMPILER_GLOBAL_ACCENT_COLOR_NAME = AccentColor;
				CODE_SIGN_STYLE = Automatic;
				DEVELOPMENT_ASSET_PATHS = "\"ListDetail/Preview Content\"";
				DEVELOPMENT_TEAM = 56DQ8B5T2R;
				ENABLE_PREVIEWS = YES;
				INFOPLIST_FILE = ListDetail/Info.plist;
				IPHONEOS_DEPLOYMENT_TARGET = 14.0;
				LD_RUNPATH_SEARCH_PATHS = (
					"$(inherited)",
					"@executable_path/Frameworks",
				);
				PRODUCT_BUNDLE_IDENTIFIER = codes.unnamedd.ListDetail;
				PRODUCT_NAME = "$(TARGET_NAME)";
				SWIFT_VERSION = 5.0;
				TARGETED_DEVICE_FAMILY = "1,2";
			};
			name = Debug;
		};
		91C42D0B24F449A80073F8B2 /* Release */ = {
			isa = XCBuildConfiguration;
			buildSettings = {
				ASSETCATALOG_COMPILER_APPICON_NAME = AppIcon;
				ASSETCATALOG_COMPILER_GLOBAL_ACCENT_COLOR_NAME = AccentColor;
				CODE_SIGN_STYLE = Automatic;
				DEVELOPMENT_ASSET_PATHS = "\"ListDetail/Preview Content\"";
				DEVELOPMENT_TEAM = 56DQ8B5T2R;
				ENABLE_PREVIEWS = YES;
				INFOPLIST_FILE = ListDetail/Info.plist;
				IPHONEOS_DEPLOYMENT_TARGET = 14.0;
				LD_RUNPATH_SEARCH_PATHS = (
					"$(inherited)",
					"@executable_path/Frameworks",
				);
				PRODUCT_BUNDLE_IDENTIFIER = codes.unnamedd.ListDetail;
				PRODUCT_NAME = "$(TARGET_NAME)";
				SWIFT_VERSION = 5.0;
				TARGETED_DEVICE_FAMILY = "1,2";
			};
			name = Release;
		};
/* End XCBuildConfiguration section */

/* Begin XCConfigurationList section */
		91C42CF524F449A70073F8B2 /* Build configuration list for PBXProject "ListDetail" */ = {
			isa = XCConfigurationList;
			buildConfigurations = (
				91C42D0724F449A80073F8B2 /* Debug */,
				91C42D0824F449A80073F8B2 /* Release */,
			);
			defaultConfigurationIsVisible = 0;
			defaultConfigurationName = Release;
		};
		91C42D0924F449A80073F8B2 /* Build configuration list for PBXNativeTarget "ListDetail" */ = {
			isa = XCConfigurationList;
			buildConfigurations = (
				91C42D0A24F449A80073F8B2 /* Debug */,
				91C42D0B24F449A80073F8B2 /* Release */,
			);
			defaultConfigurationIsVisible = 0;
			defaultConfigurationName = Release;
		};
/* End XCConfigurationList section */
	};
	rootObject = 91C42CF224F449A70073F8B2 /* Project object */;
}
